// !$*UTF8*$!
{
	archiveVersion = 1;
	classes = {
	};
	objectVersion = 56;
	objects = {

/* Begin PBXBuildFile section */
		CEFDA74E29BA270A00ADDB7D /* AppDelegate.swift in Sources */ = {isa = PBXBuildFile; fileRef = CEFDA74D29BA270A00ADDB7D /* AppDelegate.swift */; };
		CEFDA75029BA270A00ADDB7D /* SceneDelegate.swift in Sources */ = {isa = PBXBuildFile; fileRef = CEFDA74F29BA270A00ADDB7D /* SceneDelegate.swift */; };
		CEFDA75229BA270A00ADDB7D /* ViewController.swift in Sources */ = {isa = PBXBuildFile; fileRef = CEFDA75129BA270A00ADDB7D /* ViewController.swift */; };
		CEFDA75529BA270A00ADDB7D /* Main.storyboard in Resources */ = {isa = PBXBuildFile; fileRef = CEFDA75329BA270A00ADDB7D /* Main.storyboard */; };
		CEFDA75829BA270A00ADDB7D /* LiveScoreApp.xcdatamodeld in Sources */ = {isa = PBXBuildFile; fileRef = CEFDA75629BA270A00ADDB7D /* LiveScoreApp.xcdatamodeld */; };
		CEFDA75A29BA270A00ADDB7D /* Assets.xcassets in Resources */ = {isa = PBXBuildFile; fileRef = CEFDA75929BA270A00ADDB7D /* Assets.xcassets */; };
		CEFDA75D29BA270A00ADDB7D /* LaunchScreen.storyboard in Resources */ = {isa = PBXBuildFile; fileRef = CEFDA75B29BA270A00ADDB7D /* LaunchScreen.storyboard */; };
		CEFDA76529BA2BCF00ADDB7D /* MainController.swift in Sources */ = {isa = PBXBuildFile; fileRef = CEFDA76429BA2BCF00ADDB7D /* MainController.swift */; };
		CEFDA76929BC750C00ADDB7D /* RegistrController.swift in Sources */ = {isa = PBXBuildFile; fileRef = CEFDA76829BC750C00ADDB7D /* RegistrController.swift */; };
		CEFDA76B29BC801600ADDB7D /* informationregistor.swift in Sources */ = {isa = PBXBuildFile; fileRef = CEFDA76A29BC801600ADDB7D /* informationregistor.swift */; };
/* End PBXBuildFile section */

/* Begin PBXFileReference section */
		CEFDA74A29BA270A00ADDB7D /* LiveScoreApp.app */ = {isa = PBXFileReference; explicitFileType = wrapper.application; includeInIndex = 0; path = LiveScoreApp.app; sourceTree = BUILT_PRODUCTS_DIR; };
		CEFDA74D29BA270A00ADDB7D /* AppDelegate.swift */ = {isa = PBXFileReference; lastKnownFileType = sourcecode.swift; path = AppDelegate.swift; sourceTree = "<group>"; };
		CEFDA74F29BA270A00ADDB7D /* SceneDelegate.swift */ = {isa = PBXFileReference; lastKnownFileType = sourcecode.swift; path = SceneDelegate.swift; sourceTree = "<group>"; };
		CEFDA75129BA270A00ADDB7D /* ViewController.swift */ = {isa = PBXFileReference; lastKnownFileType = sourcecode.swift; path = ViewController.swift; sourceTree = "<group>"; };
		CEFDA75429BA270A00ADDB7D /* Base */ = {isa = PBXFileReference; lastKnownFileType = file.storyboard; name = Base; path = Base.lproj/Main.storyboard; sourceTree = "<group>"; };
		CEFDA75729BA270A00ADDB7D /* LiveScoreApp.xcdatamodel */ = {isa = PBXFileReference; lastKnownFileType = wrapper.xcdatamodel; path = LiveScoreApp.xcdatamodel; sourceTree = "<group>"; };
		CEFDA75929BA270A00ADDB7D /* Assets.xcassets */ = {isa = PBXFileReference; lastKnownFileType = folder.assetcatalog; path = Assets.xcassets; sourceTree = "<group>"; };
		CEFDA75C29BA270A00ADDB7D /* Base */ = {isa = PBXFileReference; lastKnownFileType = file.storyboard; name = Base; path = Base.lproj/LaunchScreen.storyboard; sourceTree = "<group>"; };
		CEFDA75E29BA270A00ADDB7D /* Info.plist */ = {isa = PBXFileReference; lastKnownFileType = text.plist.xml; path = Info.plist; sourceTree = "<group>"; };
		CEFDA76429BA2BCF00ADDB7D /* MainController.swift */ = {isa = PBXFileReference; lastKnownFileType = sourcecode.swift; path = MainController.swift; sourceTree = "<group>"; };
		CEFDA76829BC750C00ADDB7D /* RegistrController.swift */ = {isa = PBXFileReference; lastKnownFileType = sourcecode.swift; name = RegistrController.swift; path = ../RegistrController.swift; sourceTree = "<group>"; };
		CEFDA76A29BC801600ADDB7D /* informationregistor.swift */ = {isa = PBXFileReference; lastKnownFileType = sourcecode.swift; path = informationregistor.swift; sourceTree = "<group>"; };
/* End PBXFileReference section */

/* Begin PBXFrameworksBuildPhase section */
		CEFDA74729BA270A00ADDB7D /* Frameworks */ = {
			isa = PBXFrameworksBuildPhase;
			buildActionMask = 2147483647;
			files = (
			);
			runOnlyForDeploymentPostprocessing = 0;
		};
/* End PBXFrameworksBuildPhase section */

/* Begin PBXGroup section */
		CEFDA74129BA270900ADDB7D = {
			isa = PBXGroup;
			children = (
				CEFDA76A29BC801600ADDB7D /* informationregistor.swift */,
				CEFDA74C29BA270A00ADDB7D /* LiveScoreApp */,
				CEFDA74B29BA270A00ADDB7D /* Products */,
			);
			sourceTree = "<group>";
		};
		CEFDA74B29BA270A00ADDB7D /* Products */ = {
			isa = PBXGroup;
			children = (
				CEFDA74A29BA270A00ADDB7D /* LiveScoreApp.app */,
			);
			name = Products;
			sourceTree = "<group>";
		};
		CEFDA74C29BA270A00ADDB7D /* LiveScoreApp */ = {
			isa = PBXGroup;
			children = (
				CEFDA74D29BA270A00ADDB7D /* AppDelegate.swift */,
				CEFDA76829BC750C00ADDB7D /* RegistrController.swift */,
				CEFDA74F29BA270A00ADDB7D /* SceneDelegate.swift */,
				CEFDA75129BA270A00ADDB7D /* ViewController.swift */,
				CEFDA76429BA2BCF00ADDB7D /* MainController.swift */,
				CEFDA75329BA270A00ADDB7D /* Main.storyboard */,
				CEFDA75929BA270A00ADDB7D /* Assets.xcassets */,
				CEFDA75B29BA270A00ADDB7D /* LaunchScreen.storyboard */,
				CEFDA75E29BA270A00ADDB7D /* Info.plist */,
				CEFDA75629BA270A00ADDB7D /* LiveScoreApp.xcdatamodeld */,
			);
			path = LiveScoreApp;
			sourceTree = "<group>";
		};
/* End PBXGroup section */

/* Begin PBXNativeTarget section */
		CEFDA74929BA270A00ADDB7D /* LiveScoreApp */ = {
			isa = PBXNativeTarget;
			buildConfigurationList = CEFDA76129BA270A00ADDB7D /* Build configuration list for PBXNativeTarget "LiveScoreApp" */;
			buildPhases = (
				CEFDA74629BA270A00ADDB7D /* Sources */,
				CEFDA74729BA270A00ADDB7D /* Frameworks */,
				CEFDA74829BA270A00ADDB7D /* Resources */,
			);
			buildRules = (
			);
			dependencies = (
			);
			name = LiveScoreApp;
			productName = LiveScoreApp;
			productReference = CEFDA74A29BA270A00ADDB7D /* LiveScoreApp.app */;
			productType = "com.apple.product-type.application";
		};
/* End PBXNativeTarget section */

/* Begin PBXProject section */
		CEFDA74229BA270900ADDB7D /* Project object */ = {
			isa = PBXProject;
			attributes = {
				BuildIndependentTargetsInParallel = 1;
				LastSwiftUpdateCheck = 1420;
				LastUpgradeCheck = 1420;
				TargetAttributes = {
					CEFDA74929BA270A00ADDB7D = {
						CreatedOnToolsVersion = 14.2;
					};
				};
			};
			buildConfigurationList = CEFDA74529BA270900ADDB7D /* Build configuration list for PBXProject "LiveScoreApp" */;
			compatibilityVersion = "Xcode 14.0";
			developmentRegion = en;
			hasScannedForEncodings = 0;
			knownRegions = (
				en,
				Base,
			);
			mainGroup = CEFDA74129BA270900ADDB7D;
			productRefGroup = CEFDA74B29BA270A00ADDB7D /* Products */;
			projectDirPath = "";
			projectRoot = "";
			targets = (
				CEFDA74929BA270A00ADDB7D /* LiveScoreApp */,
			);
		};
/* End PBXProject section */

/* Begin PBXResourcesBuildPhase section */
		CEFDA74829BA270A00ADDB7D /* Resources */ = {
			isa = PBXResourcesBuildPhase;
			buildActionMask = 2147483647;
			files = (
				CEFDA75D29BA270A00ADDB7D /* LaunchScreen.storyboard in Resources */,
				CEFDA75A29BA270A00ADDB7D /* Assets.xcassets in Resources */,
				CEFDA75529BA270A00ADDB7D /* Main.storyboard in Resources */,
			);
			runOnlyForDeploymentPostprocessing = 0;
		};
/* End PBXResourcesBuildPhase section */

/* Begin PBXSourcesBuildPhase section */
		CEFDA74629BA270A00ADDB7D /* Sources */ = {
			isa = PBXSourcesBuildPhase;
			buildActionMask = 2147483647;
			files = (
				CEFDA75229BA270A00ADDB7D /* ViewController.swift in Sources */,
				CEFDA76B29BC801600ADDB7D /* informationregistor.swift in Sources */,
				CEFDA74E29BA270A00ADDB7D /* AppDelegate.swift in Sources */,
				CEFDA76929BC750C00ADDB7D /* RegistrController.swift in Sources */,
				CEFDA75829BA270A00ADDB7D /* LiveScoreApp.xcdatamodeld in Sources */,
				CEFDA75029BA270A00ADDB7D /* SceneDelegate.swift in Sources */,
				CEFDA76529BA2BCF00ADDB7D /* MainController.swift in Sources */,
			);
			runOnlyForDeploymentPostprocessing = 0;
		};
/* End PBXSourcesBuildPhase section */

/* Begin PBXVariantGroup section */
		CEFDA75329BA270A00ADDB7D /* Main.storyboard */ = {
			isa = PBXVariantGroup;
			children = (
				CEFDA75429BA270A00ADDB7D /* Base */,
			);
			name = Main.storyboard;
			sourceTree = "<group>";
		};
		CEFDA75B29BA270A00ADDB7D /* LaunchScreen.storyboard */ = {
			isa = PBXVariantGroup;
			children = (
				CEFDA75C29BA270A00ADDB7D /* Base */,
			);
			name = LaunchScreen.storyboard;
			sourceTree = "<group>";
		};
/* End PBXVariantGroup section */

/* Begin XCBuildConfiguration section */
		CEFDA75F29BA270A00ADDB7D /* Debug */ = {
			isa = XCBuildConfiguration;
			buildSettings = {
				ALWAYS_SEARCH_USER_PATHS = NO;
				CLANG_ANALYZER_NONNULL = YES;
				CLANG_ANALYZER_NUMBER_OBJECT_CONVERSION = YES_AGGRESSIVE;
				CLANG_CXX_LANGUAGE_STANDARD = "gnu++20";
				CLANG_ENABLE_MODULES = YES;
				CLANG_ENABLE_OBJC_ARC = YES;
				CLANG_ENABLE_OBJC_WEAK = YES;
				CLANG_WARN_BLOCK_CAPTURE_AUTORELEASING = YES;
				CLANG_WARN_BOOL_CONVERSION = YES;
				CLANG_WARN_COMMA = YES;
				CLANG_WARN_CONSTANT_CONVERSION = YES;
				CLANG_WARN_DEPRECATED_OBJC_IMPLEMENTATIONS = YES;
				CLANG_WARN_DIRECT_OBJC_ISA_USAGE = YES_ERROR;
				CLANG_WARN_DOCUMENTATION_COMMENTS = YES;
				CLANG_WARN_EMPTY_BODY = YES;
				CLANG_WARN_ENUM_CONVERSION = YES;
				CLANG_WARN_INFINITE_RECURSION = YES;
				CLANG_WARN_INT_CONVERSION = YES;
				CLANG_WARN_NON_LITERAL_NULL_CONVERSION = YES;
				CLANG_WARN_OBJC_IMPLICIT_RETAIN_SELF = YES;
				CLANG_WARN_OBJC_LITERAL_CONVERSION = YES;
				CLANG_WARN_OBJC_ROOT_CLASS = YES_ERROR;
				CLANG_WARN_QUOTED_INCLUDE_IN_FRAMEWORK_HEADER = YES;
				CLANG_WARN_RANGE_LOOP_ANALYSIS = YES;
				CLANG_WARN_STRICT_PROTOTYPES = YES;
				CLANG_WARN_SUSPICIOUS_MOVE = YES;
				CLANG_WARN_UNGUARDED_AVAILABILITY = YES_AGGRESSIVE;
				CLANG_WARN_UNREACHABLE_CODE = YES;
				CLANG_WARN__DUPLICATE_METHOD_MATCH = YES;
				COPY_PHASE_STRIP = NO;
				DEBUG_INFORMATION_FORMAT = dwarf;
				ENABLE_STRICT_OBJC_MSGSEND = YES;
				ENABLE_TESTABILITY = YES;
				GCC_C_LANGUAGE_STANDARD = gnu11;
				GCC_DYNAMIC_NO_PIC = NO;
				GCC_NO_COMMON_BLOCKS = YES;
				GCC_OPTIMIZATION_LEVEL = 0;
				GCC_PREPROCESSOR_DEFINITIONS = (
					"DEBUG=1",
					"$(inherited)",
				);
				GCC_WARN_64_TO_32_BIT_CONVERSION = YES;
				GCC_WARN_ABOUT_RETURN_TYPE = YES_ERROR;
				GCC_WARN_UNDECLARED_SELECTOR = YES;
				GCC_WARN_UNINITIALIZED_AUTOS = YES_AGGRESSIVE;
				GCC_WARN_UNUSED_FUNCTION = YES;
				GCC_WARN_UNUSED_VARIABLE = YES;
				IPHONEOS_DEPLOYMENT_TARGET = 16.2;
				MTL_ENABLE_DEBUG_INFO = INCLUDE_SOURCE;
				MTL_FAST_MATH = YES;
				ONLY_ACTIVE_ARCH = YES;
				SDKROOT = iphoneos;
				SWIFT_ACTIVE_COMPILATION_CONDITIONS = DEBUG;
				SWIFT_OPTIMIZATION_LEVEL = "-Onone";
			};
			name = Debug;
		};
		CEFDA76029BA270A00ADDB7D /* Release */ = {
			isa = XCBuildConfiguration;
			buildSettings = {
				ALWAYS_SEARCH_USER_PATHS = NO;
				CLANG_ANALYZER_NONNULL = YES;
				CLANG_ANALYZER_NUMBER_OBJECT_CONVERSION = YES_AGGRESSIVE;
				CLANG_CXX_LANGUAGE_STANDARD = "gnu++20";
				CLANG_ENABLE_MODULES = YES;
				CLANG_ENABLE_OBJC_ARC = YES;
				CLANG_ENABLE_OBJC_WEAK = YES;
				CLANG_WARN_BLOCK_CAPTURE_AUTORELEASING = YES;
				CLANG_WARN_BOOL_CONVERSION = YES;
				CLANG_WARN_COMMA = YES;
				CLANG_WARN_CONSTANT_CONVERSION = YES;
				CLANG_WARN_DEPRECATED_OBJC_IMPLEMENTATIONS = YES;
				CLANG_WARN_DIRECT_OBJC_ISA_USAGE = YES_ERROR;
				CLANG_WARN_DOCUMENTATION_COMMENTS = YES;
				CLANG_WARN_EMPTY_BODY = YES;
				CLANG_WARN_ENUM_CONVERSION = YES;
				CLANG_WARN_INFINITE_RECURSION = YES;
				CLANG_WARN_INT_CONVERSION = YES;
				CLANG_WARN_NON_LITERAL_NULL_CONVERSION = YES;
				CLANG_WARN_OBJC_IMPLICIT_RETAIN_SELF = YES;
				CLANG_WARN_OBJC_LITERAL_CONVERSION = YES;
				CLANG_WARN_OBJC_ROOT_CLASS = YES_ERROR;
				CLANG_WARN_QUOTED_INCLUDE_IN_FRAMEWORK_HEADER = YES;
				CLANG_WARN_RANGE_LOOP_ANALYSIS = YES;
				CLANG_WARN_STRICT_PROTOTYPES = YES;
				CLANG_WARN_SUSPICIOUS_MOVE = YES;
				CLANG_WARN_UNGUARDED_AVAILABILITY = YES_AGGRESSIVE;
				CLANG_WARN_UNREACHABLE_CODE = YES;
				CLANG_WARN__DUPLICATE_METHOD_MATCH = YES;
				COPY_PHASE_STRIP = NO;
				DEBUG_INFORMATION_FORMAT = "dwarf-with-dsym";
				ENABLE_NS_ASSERTIONS = NO;
				ENABLE_STRICT_OBJC_MSGSEND = YES;
				GCC_C_LANGUAGE_STANDARD = gnu11;
				GCC_NO_COMMON_BLOCKS = YES;
				GCC_WARN_64_TO_32_BIT_CONVERSION = YES;
				GCC_WARN_ABOUT_RETURN_TYPE = YES_ERROR;
				GCC_WARN_UNDECLARED_SELECTOR = YES;
				GCC_WARN_UNINITIALIZED_AUTOS = YES_AGGRESSIVE;
				GCC_WARN_UNUSED_FUNCTION = YES;
				GCC_WARN_UNUSED_VARIABLE = YES;
				IPHONEOS_DEPLOYMENT_TARGET = 16.2;
				MTL_ENABLE_DEBUG_INFO = NO;
				MTL_FAST_MATH = YES;
				SDKROOT = iphoneos;
				SWIFT_COMPILATION_MODE = wholemodule;
				SWIFT_OPTIMIZATION_LEVEL = "-O";
				VALIDATE_PRODUCT = YES;
			};
			name = Release;
		};
		CEFDA76229BA270A00ADDB7D /* Debug */ = {
			isa = XCBuildConfiguration;
			buildSettings = {
				ASSETCATALOG_COMPILER_APPICON_NAME = AppIcon;
				ASSETCATALOG_COMPILER_GLOBAL_ACCENT_COLOR_NAME = AccentColor;
				CODE_SIGN_STYLE = Automatic;
				CURRENT_PROJECT_VERSION = 1;
				GENERATE_INFOPLIST_FILE = YES;
				INFOPLIST_FILE = LiveScoreApp/Info.plist;
				INFOPLIST_KEY_UIApplicationSupportsIndirectInputEvents = YES;
				INFOPLIST_KEY_UILaunchStoryboardName = LaunchScreen;
				INFOPLIST_KEY_UIMainStoryboardFile = Main;
				INFOPLIST_KEY_UISupportedInterfaceOrientations_iPad = "UIInterfaceOrientationPortrait UIInterfaceOrientationPortraitUpsideDown UIInterfaceOrientationLandscapeLeft UIInterfaceOrientationLandscapeRight";
				INFOPLIST_KEY_UISupportedInterfaceOrientations_iPhone = "UIInterfaceOrientationPortrait UIInterfaceOrientationLandscapeLeft UIInterfaceOrientationLandscapeRight";
				LD_RUNPATH_SEARCH_PATHS = (
					"$(inherited)",
					"@executable_path/Frameworks",
				);
				MARKETING_VERSION = 1.0;
				PRODUCT_BUNDLE_IDENTIFIER = com.fefef.LiveScoreApp;
				PRODUCT_NAME = "$(TARGET_NAME)";
				SWIFT_EMIT_LOC_STRINGS = YES;
				SWIFT_VERSION = 5.0;
				TARGETED_DEVICE_FAMILY = "1,2";
			};
			name = Debug;
		};
		CEFDA76329BA270A00ADDB7D /* Release */ = {
			isa = XCBuildConfiguration;
			buildSettings = {
				ASSETCATALOG_COMPILER_APPICON_NAME = AppIcon;
				ASSETCATALOG_COMPILER_GLOBAL_ACCENT_COLOR_NAME = AccentColor;
				CODE_SIGN_STYLE = Automatic;
				CURRENT_PROJECT_VERSION = 1;
				GENERATE_INFOPLIST_FILE = YES;
				INFOPLIST_FILE = LiveScoreApp/Info.plist;
				INFOPLIST_KEY_UIApplicationSupportsIndirectInputEvents = YES;
				INFOPLIST_KEY_UILaunchStoryboardName = LaunchScreen;
				INFOPLIST_KEY_UIMainStoryboardFile = Main;
				INFOPLIST_KEY_UISupportedInterfaceOrientations_iPad = "UIInterfaceOrientationPortrait UIInterfaceOrientationPortraitUpsideDown UIInterfaceOrientationLandscapeLeft UIInterfaceOrientationLandscapeRight";
				INFOPLIST_KEY_UISupportedInterfaceOrientations_iPhone = "UIInterfaceOrientationPortrait UIInterfaceOrientationLandscapeLeft UIInterfaceOrientationLandscapeRight";
				LD_RUNPATH_SEARCH_PATHS = (
					"$(inherited)",
					"@executable_path/Frameworks",
				);
				MARKETING_VERSION = 1.0;
				PRODUCT_BUNDLE_IDENTIFIER = com.fefef.LiveScoreApp;
				PRODUCT_NAME = "$(TARGET_NAME)";
				SWIFT_EMIT_LOC_STRINGS = YES;
				SWIFT_VERSION = 5.0;
				TARGETED_DEVICE_FAMILY = "1,2";
			};
			name = Release;
		};
/* End XCBuildConfiguration section */

/* Begin XCConfigurationList section */
		CEFDA74529BA270900ADDB7D /* Build configuration list for PBXProject "LiveScoreApp" */ = {
			isa = XCConfigurationList;
			buildConfigurations = (
				CEFDA75F29BA270A00ADDB7D /* Debug */,
				CEFDA76029BA270A00ADDB7D /* Release */,
			);
			defaultConfigurationIsVisible = 0;
			defaultConfigurationName = Release;
		};
		CEFDA76129BA270A00ADDB7D /* Build configuration list for PBXNativeTarget "LiveScoreApp" */ = {
			isa = XCConfigurationList;
			buildConfigurations = (
				CEFDA76229BA270A00ADDB7D /* Debug */,
				CEFDA76329BA270A00ADDB7D /* Release */,
			);
			defaultConfigurationIsVisible = 0;
			defaultConfigurationName = Release;
		};
/* End XCConfigurationList section */

/* Begin XCVersionGroup section */
		CEFDA75629BA270A00ADDB7D /* LiveScoreApp.xcdatamodeld */ = {
			isa = XCVersionGroup;
			children = (
				CEFDA75729BA270A00ADDB7D /* LiveScoreApp.xcdatamodel */,
			);
			currentVersion = CEFDA75729BA270A00ADDB7D /* LiveScoreApp.xcdatamodel */;
			path = LiveScoreApp.xcdatamodeld;
			sourceTree = "<group>";
			versionGroupType = wrapper.xcdatamodel;
		};
/* End XCVersionGroup section */
	};
	rootObject = CEFDA74229BA270900ADDB7D /* Project object */;
}
